// !$*UTF8*$!
{
	archiveVersion = 1;
	classes = {
	};
	objectVersion = 46;
	objects = {

/* Begin PBXBuildFile section */
		283372D41BF538BC00D343E4 /* JPEG.swift in Sources */ = {isa = PBXBuildFile; fileRef = 283372D21BF538BC00D343E4 /* JPEG.swift */; };
		283372D51BF538BC00D343E4 /* QuickTimeMov.swift in Sources */ = {isa = PBXBuildFile; fileRef = 283372D31BF538BC00D343E4 /* QuickTimeMov.swift */; };
		75C6D54F1FC3C7FC008D8570 /* DTOtherMacro.swift in Sources */ = {isa = PBXBuildFile; fileRef = 75C6D54E1FC3C7FC008D8570 /* DTOtherMacro.swift */; };
		B26BE5051BAF467300A3E194 /* AppDelegate.swift in Sources */ = {isa = PBXBuildFile; fileRef = B26BE5041BAF467300A3E194 /* AppDelegate.swift */; };
		B26BE5071BAF467300A3E194 /* ViewController.swift in Sources */ = {isa = PBXBuildFile; fileRef = B26BE5061BAF467300A3E194 /* ViewController.swift */; };
		B26BE50C1BAF467300A3E194 /* Assets.xcassets in Resources */ = {isa = PBXBuildFile; fileRef = B26BE50B1BAF467300A3E194 /* Assets.xcassets */; };
		B26BE50F1BAF467300A3E194 /* LaunchScreen.storyboard in Resources */ = {isa = PBXBuildFile; fileRef = B26BE50D1BAF467300A3E194 /* LaunchScreen.storyboard */; };
		B26BE5181BAF4CEC00A3E194 /* Main.storyboard in Resources */ = {isa = PBXBuildFile; fileRef = B26BE5161BAF4CEC00A3E194 /* Main.storyboard */; };
		B26BE5191BAF4CEC00A3E194 /* video.m4v in Resources */ = {isa = PBXBuildFile; fileRef = B26BE5171BAF4CEC00A3E194 /* video.m4v */; };
/* End PBXBuildFile section */

/* Begin PBXFileReference section */
		283372D21BF538BC00D343E4 /* JPEG.swift */ = {isa = PBXFileReference; fileEncoding = 4; lastKnownFileType = sourcecode.swift; name = JPEG.swift; path = ../JPEG.swift; sourceTree = "<group>"; };
		283372D31BF538BC00D343E4 /* QuickTimeMov.swift */ = {isa = PBXFileReference; fileEncoding = 4; lastKnownFileType = sourcecode.swift; name = QuickTimeMov.swift; path = ../QuickTimeMov.swift; sourceTree = "<group>"; };
		75C6D54E1FC3C7FC008D8570 /* DTOtherMacro.swift */ = {isa = PBXFileReference; fileEncoding = 4; lastKnownFileType = sourcecode.swift; path = DTOtherMacro.swift; sourceTree = "<group>"; };
		B26BE5011BAF467300A3E194 /* LivePhotoDemoSwift.app */ = {isa = PBXFileReference; explicitFileType = wrapper.application; includeInIndex = 0; path = LivePhotoDemoSwift.app; sourceTree = BUILT_PRODUCTS_DIR; };
		B26BE5041BAF467300A3E194 /* AppDelegate.swift */ = {isa = PBXFileReference; lastKnownFileType = sourcecode.swift; path = AppDelegate.swift; sourceTree = "<group>"; };
		B26BE5061BAF467300A3E194 /* ViewController.swift */ = {isa = PBXFileReference; lastKnownFileType = sourcecode.swift; path = ViewController.swift; sourceTree = "<group>"; wrapsLines = 0; };
		B26BE50B1BAF467300A3E194 /* Assets.xcassets */ = {isa = PBXFileReference; lastKnownFileType = folder.assetcatalog; path = Assets.xcassets; sourceTree = "<group>"; };
		B26BE50E1BAF467300A3E194 /* Base */ = {isa = PBXFileReference; lastKnownFileType = file.storyboard; name = Base; path = Base.lproj/LaunchScreen.storyboard; sourceTree = "<group>"; };
		B26BE5101BAF467300A3E194 /* Info.plist */ = {isa = PBXFileReference; lastKnownFileType = text.plist.xml; path = Info.plist; sourceTree = "<group>"; };
		B26BE5161BAF4CEC00A3E194 /* Main.storyboard */ = {isa = PBXFileReference; fileEncoding = 4; lastKnownFileType = file.storyboard; path = Main.storyboard; sourceTree = "<group>"; };
		B26BE5171BAF4CEC00A3E194 /* video.m4v */ = {isa = PBXFileReference; lastKnownFileType = file; path = video.m4v; sourceTree = "<group>"; };
/* End PBXFileReference section */

/* Begin PBXFrameworksBuildPhase section */
		B26BE4FE1BAF467300A3E194 /* Frameworks */ = {
			isa = PBXFrameworksBuildPhase;
			buildActionMask = 2147483647;
			files = (
			);
			runOnlyForDeploymentPostprocessing = 0;
		};
/* End PBXFrameworksBuildPhase section */

/* Begin PBXGroup section */
		75673D561FC2D30F00D9B150 /* Macro */ = {
			isa = PBXGroup;
			children = (
				75C6D54E1FC3C7FC008D8570 /* DTOtherMacro.swift */,
			);
			path = Macro;
			sourceTree = "<group>";
		};
		B26BE4F81BAF467300A3E194 = {
			isa = PBXGroup;
			children = (
				B26BE5031BAF467300A3E194 /* LivePhotoDemoSwift */,
				B26BE5021BAF467300A3E194 /* Products */,
			);
			sourceTree = "<group>";
			wrapsLines = 0;
		};
		B26BE5021BAF467300A3E194 /* Products */ = {
			isa = PBXGroup;
			children = (
				B26BE5011BAF467300A3E194 /* LivePhotoDemoSwift.app */,
			);
			name = Products;
			sourceTree = "<group>";
		};
		B26BE5031BAF467300A3E194 /* LivePhotoDemoSwift */ = {
			isa = PBXGroup;
			children = (
				75673D561FC2D30F00D9B150 /* Macro */,
				B26BE5041BAF467300A3E194 /* AppDelegate.swift */,
				B26BE5061BAF467300A3E194 /* ViewController.swift */,
				283372D21BF538BC00D343E4 /* JPEG.swift */,
				283372D31BF538BC00D343E4 /* QuickTimeMov.swift */,
				B26BE50D1BAF467300A3E194 /* LaunchScreen.storyboard */,
				B26BE5161BAF4CEC00A3E194 /* Main.storyboard */,
				B26BE5101BAF467300A3E194 /* Info.plist */,
				B26BE5171BAF4CEC00A3E194 /* video.m4v */,
				B26BE50B1BAF467300A3E194 /* Assets.xcassets */,
			);
			path = LivePhotoDemoSwift;
			sourceTree = "<group>";
		};
/* End PBXGroup section */

/* Begin PBXNativeTarget section */
		B26BE5001BAF467300A3E194 /* LivePhotoDemoSwift */ = {
			isa = PBXNativeTarget;
			buildConfigurationList = B26BE5131BAF467300A3E194 /* Build configuration list for PBXNativeTarget "LivePhotoDemoSwift" */;
			buildPhases = (
				B26BE4FD1BAF467300A3E194 /* Sources */,
				B26BE4FE1BAF467300A3E194 /* Frameworks */,
				B26BE4FF1BAF467300A3E194 /* Resources */,
			);
			buildRules = (
			);
			dependencies = (
			);
			name = LivePhotoDemoSwift;
			productName = LivePhotoDemoSwift;
			productReference = B26BE5011BAF467300A3E194 /* LivePhotoDemoSwift.app */;
			productType = "com.apple.product-type.application";
		};
/* End PBXNativeTarget section */

/* Begin PBXProject section */
		B26BE4F91BAF467300A3E194 /* Project object */ = {
			isa = PBXProject;
			attributes = {
				LastUpgradeCheck = 0910;
				ORGANIZATIONNAME = "Genady Okrain";
				TargetAttributes = {
					B26BE5001BAF467300A3E194 = {
						CreatedOnToolsVersion = 7.1;
						DevelopmentTeam = H8J36KWCJF;
						LastSwiftMigration = 0910;
					};
				};
			};
			buildConfigurationList = B26BE4FC1BAF467300A3E194 /* Build configuration list for PBXProject "LivePhotoDemoSwift" */;
			compatibilityVersion = "Xcode 3.2";
			developmentRegion = English;
			hasScannedForEncodings = 0;
			knownRegions = (
				en,
				Base,
			);
			mainGroup = B26BE4F81BAF467300A3E194;
			productRefGroup = B26BE5021BAF467300A3E194 /* Products */;
			projectDirPath = "";
			projectRoot = "";
			targets = (
				B26BE5001BAF467300A3E194 /* LivePhotoDemoSwift */,
			);
		};
/* End PBXProject section */

/* Begin PBXResourcesBuildPhase section */
		B26BE4FF1BAF467300A3E194 /* Resources */ = {
			isa = PBXResourcesBuildPhase;
			buildActionMask = 2147483647;
			files = (
				B26BE5181BAF4CEC00A3E194 /* Main.storyboard in Resources */,
				B26BE5191BAF4CEC00A3E194 /* video.m4v in Resources */,
				B26BE50F1BAF467300A3E194 /* LaunchScreen.storyboard in Resources */,
				B26BE50C1BAF467300A3E194 /* Assets.xcassets in Resources */,
			);
			runOnlyForDeploymentPostprocessing = 0;
		};
/* End PBXResourcesBuildPhase section */

/* Begin PBXSourcesBuildPhase section */
		B26BE4FD1BAF467300A3E194 /* Sources */ = {
			isa = PBXSourcesBuildPhase;
			buildActionMask = 2147483647;
			files = (
				75C6D54F1FC3C7FC008D8570 /* DTOtherMacro.swift in Sources */,
				B26BE5071BAF467300A3E194 /* ViewController.swift in Sources */,
				283372D51BF538BC00D343E4 /* QuickTimeMov.swift in Sources */,
				B26BE5051BAF467300A3E194 /* AppDelegate.swift in Sources */,
				283372D41BF538BC00D343E4 /* JPEG.swift in Sources */,
			);
			runOnlyForDeploymentPostprocessing = 0;
		};
/* End PBXSourcesBuildPhase section */

/* Begin PBXVariantGroup section */
		B26BE50D1BAF467300A3E194 /* LaunchScreen.storyboard */ = {
			isa = PBXVariantGroup;
			children = (
				B26BE50E1BAF467300A3E194 /* Base */,
			);
			name = LaunchScreen.storyboard;
			sourceTree = "<group>";
		};
/* End PBXVariantGroup section */

/* Begin XCBuildConfiguration section */
		B26BE5111BAF467300A3E194 /* Debug */ = {
			isa = XCBuildConfiguration;
			buildSettings = {
				ALWAYS_SEARCH_USER_PATHS = NO;
				CLANG_CXX_LANGUAGE_STANDARD = "gnu++0x";
				CLANG_CXX_LIBRARY = "libc++";
				CLANG_ENABLE_MODULES = YES;
				CLANG_ENABLE_OBJC_ARC = YES;
				CLANG_WARN_BLOCK_CAPTURE_AUTORELEASING = YES;
				CLANG_WARN_BOOL_CONVERSION = YES;
				CLANG_WARN_COMMA = YES;
				CLANG_WARN_CONSTANT_CONVERSION = YES;
				CLANG_WARN_DIRECT_OBJC_ISA_USAGE = YES_ERROR;
				CLANG_WARN_EMPTY_BODY = YES;
				CLANG_WARN_ENUM_CONVERSION = YES;
				CLANG_WARN_INFINITE_RECURSION = YES;
				CLANG_WARN_INT_CONVERSION = YES;
				CLANG_WARN_NON_LITERAL_NULL_CONVERSION = YES;
				CLANG_WARN_OBJC_LITERAL_CONVERSION = YES;
				CLANG_WARN_OBJC_ROOT_CLASS = YES_ERROR;
				CLANG_WARN_RANGE_LOOP_ANALYSIS = YES;
				CLANG_WARN_STRICT_PROTOTYPES = YES;
				CLANG_WARN_SUSPICIOUS_MOVE = YES;
				CLANG_WARN_UNREACHABLE_CODE = YES;
				CLANG_WARN__DUPLICATE_METHOD_MATCH = YES;
				"CODE_SIGN_IDENTITY[sdk=iphoneos*]" = "iPhone Developer";
				COPY_PHASE_STRIP = NO;
				DEBUG_INFORMATION_FORMAT = dwarf;
				ENABLE_STRICT_OBJC_MSGSEND = YES;
				ENABLE_TESTABILITY = YES;
				GCC_C_LANGUAGE_STANDARD = gnu99;
				GCC_DYNAMIC_NO_PIC = NO;
				GCC_NO_COMMON_BLOCKS = YES;
				GCC_OPTIMIZATION_LEVEL = 0;
				GCC_PREPROCESSOR_DEFINITIONS = (
					"DEBUG=1",
					"$(inherited)",
				);
				GCC_WARN_64_TO_32_BIT_CONVERSION = YES;
				GCC_WARN_ABOUT_RETURN_TYPE = YES_ERROR;
				GCC_WARN_UNDECLARED_SELECTOR = YES;
				GCC_WARN_UNINITIALIZED_AUTOS = YES_AGGRESSIVE;
				GCC_WARN_UNUSED_FUNCTION = YES;
				GCC_WARN_UNUSED_VARIABLE = YES;
				IPHONEOS_DEPLOYMENT_TARGET = 9.1;
				MTL_ENABLE_DEBUG_INFO = YES;
				ONLY_ACTIVE_ARCH = YES;
				SDKROOT = iphoneos;
				SWIFT_OPTIMIZATION_LEVEL = "-Onone";
			};
			name = Debug;
		};
		B26BE5121BAF467300A3E194 /* Release */ = {
			isa = XCBuildConfiguration;
			buildSettings = {
				ALWAYS_SEARCH_USER_PATHS = NO;
				CLANG_CXX_LANGUAGE_STANDARD = "gnu++0x";
				CLANG_CXX_LIBRARY = "libc++";
				CLANG_ENABLE_MODULES = YES;
				CLANG_ENABLE_OBJC_ARC = YES;
				CLANG_WARN_BLOCK_CAPTURE_AUTORELEASING = YES;
				CLANG_WARN_BOOL_CONVERSION = YES;
				CLANG_WARN_COMMA = YES;
				CLANG_WARN_CONSTANT_CONVERSION = YES;
				CLANG_WARN_DIRECT_OBJC_ISA_USAGE = YES_ERROR;
				CLANG_WARN_EMPTY_BODY = YES;
				CLANG_WARN_ENUM_CONVERSION = YES;
				CLANG_WARN_INFINITE_RECURSION = YES;
				CLANG_WARN_INT_CONVERSION = YES;
				CLANG_WARN_NON_LITERAL_NULL_CONVERSION = YES;
				CLANG_WARN_OBJC_LITERAL_CONVERSION = YES;
				CLANG_WARN_OBJC_ROOT_CLASS = YES_ERROR;
				CLANG_WARN_RANGE_LOOP_ANALYSIS = YES;
				CLANG_WARN_STRICT_PROTOTYPES = YES;
				CLANG_WARN_SUSPICIOUS_MOVE = YES;
				CLANG_WARN_UNREACHABLE_CODE = YES;
				CLANG_WARN__DUPLICATE_METHOD_MATCH = YES;
				"CODE_SIGN_IDENTITY[sdk=iphoneos*]" = "iPhone Developer";
				COPY_PHASE_STRIP = NO;
				DEBUG_INFORMATION_FORMAT = "dwarf-with-dsym";
				ENABLE_NS_ASSERTIONS = NO;
				ENABLE_STRICT_OBJC_MSGSEND = YES;
				GCC_C_LANGUAGE_STANDARD = gnu99;
				GCC_NO_COMMON_BLOCKS = YES;
				GCC_WARN_64_TO_32_BIT_CONVERSION = YES;
				GCC_WARN_ABOUT_RETURN_TYPE = YES_ERROR;
				GCC_WARN_UNDECLARED_SELECTOR = YES;
				GCC_WARN_UNINITIALIZED_AUTOS = YES_AGGRESSIVE;
				GCC_WARN_UNUSED_FUNCTION = YES;
				GCC_WARN_UNUSED_VARIABLE = YES;
				IPHONEOS_DEPLOYMENT_TARGET = 9.1;
				MTL_ENABLE_DEBUG_INFO = NO;
				SDKROOT = iphoneos;
				SWIFT_OPTIMIZATION_LEVEL = "-Owholemodule";
				VALIDATE_PRODUCT = YES;
			};
			name = Release;
		};
		B26BE5141BAF467300A3E194 /* Debug */ = {
			isa = XCBuildConfiguration;
			buildSettings = {
				ASSETCATALOG_COMPILER_APPICON_NAME = AppIcon;
				CLANG_ENABLE_MODULES = YES;
				DEVELOPMENT_TEAM = H8J36KWCJF;
				INFOPLIST_FILE = LivePhotoDemoSwift/Info.plist;
				LD_RUNPATH_SEARCH_PATHS = "$(inherited) @executable_path/Frameworks";
				PRODUCT_BUNDLE_IDENTIFIER = com.okrain.LivePhotoDemoSwift2;
				PRODUCT_NAME = "$(TARGET_NAME)";
				SWIFT_OPTIMIZATION_LEVEL = "-Onone";
				SWIFT_SWIFT3_OBJC_INFERENCE = Default;
				SWIFT_VERSION = 4.0;
			};
			name = Debug;
		};
		B26BE5151BAF467300A3E194 /* Release */ = {
			isa = XCBuildConfiguration;
			buildSettings = {
				ASSETCATALOG_COMPILER_APPICON_NAME = AppIcon;
				CLANG_ENABLE_MODULES = YES;
				DEVELOPMENT_TEAM = H8J36KWCJF;
				INFOPLIST_FILE = LivePhotoDemoSwift/Info.plist;
				LD_RUNPATH_SEARCH_PATHS = "$(inherited) @executable_path/Frameworks";
				PRODUCT_BUNDLE_IDENTIFIER = com.okrain.LivePhotoDemoSwift2;
				PRODUCT_NAME = "$(TARGET_NAME)";
				SWIFT_SWIFT3_OBJC_INFERENCE = Default;
				SWIFT_VERSION = 4.0;
			};
			name = Release;
		};
/* End XCBuildConfiguration section */

/* Begin XCConfigurationList section */
		B26BE4FC1BAF467300A3E194 /* Build configuration list for PBXProject "LivePhotoDemoSwift" */ = {
			isa = XCConfigurationList;
			buildConfigurations = (
				B26BE5111BAF467300A3E194 /* Debug */,
				B26BE5121BAF467300A3E194 /* Release */,
			);
			defaultConfigurationIsVisible = 0;
			defaultConfigurationName = Release;
		};
		B26BE5131BAF467300A3E194 /* Build configuration list for PBXNativeTarget "LivePhotoDemoSwift" */ = {
			isa = XCConfigurationList;
			buildConfigurations = (
				B26BE5141BAF467300A3E194 /* Debug */,
				B26BE5151BAF467300A3E194 /* Release */,
			);
			defaultConfigurationIsVisible = 0;
			defaultConfigurationName = Release;
		};
/* End XCConfigurationList section */
	};
	rootObject = B26BE4F91BAF467300A3E194 /* Project object */;
}
